github.com/apcera/termtables v0.0.0-20170405184538-bcbc5dc54055/go.mod h1:8mHYHlOef9UC51cK1/WRvE/iQVM8O8QlYFa8eh8r5I8=
github.com/argusdusty/Ferret v0.0.0-20170417033527-02a5189c6f9e h1:mUSQpum6vnFIYuAiEQh3LdAEHFbRyYReBMCxdMewK0w=
github.com/argusdusty/Ferret v0.0.0-20170417033527-02a5189c6f9e/go.mod h1:ocxzA733zCTwWEdVcWtEXjUrFNuf8/zM/a3LDAG2NtM=
github.com/atotto/clipboard v0.1.0 h1:pw3q0vqdkRc2qob0PLEZo3NFSQehzW2dgSdbMI75kEs=
github.com/atotto/clipboard v0.1.0/go.mod h1:ZY9tmq7sm5xIbd9bOK4onWV4S6X0u6GY7Vn0Yu86PYI=
github.com/inconshreveable/mousetrap v1.0.0/go.mod h1:PxqpIevigyE2G7u3NXJIT2ANytuPF1OarO4DADm73n8=
github.com/kisielk/godepgraph v0.0.0-20180424170930-d8ba729f24e0/go.mod h1:Gb5YEgxqiSSVrXKWQxDcKoCM94NO5QAwOwTaVmIUAMI=
github.com/liquidgecka/testlib v0.0.0-20180123051607-561e6b271c63 h1:E1gsAMD4TysLS1Vt2CGR1EK/RtNPIT7YkiVOy9PS1IM=
github.com/liquidgecka/testlib v0.0.0-20180123051607-561e6b271c63/go.mod h1:vwMPvLIhXhkJaBfsk/6l+eDuiQaIVHC0b6eCvUVBsB0=
github.com/mattn/go-runewidth v0.0.2/go.mod h1:LwmH8dsx7+W8Uxz3IHJYH5QSwggIsqBzpuz5H//U1FU=
github.com/mattn/go-runewidth v0.0.4 h1:2BvfKmzob6Bmd4YsL0zygOqfdFnK7GR4QL06Do4/p7Y=
github.com/mattn/go-runewidth v0.0.4/go.mod h1:LwmH8dsx7+W8Uxz3IHJYH5QSwggIsqBzpuz5H//U1FU=
github.com/olekukonko/tablewriter v0.0.0-20180418011723-d5dd8a50526a/go.mod h1:vsDQFd/mU46D+Z4whnwzcISnGGzXWMclvtLoiIKAKIo=
github.com/spf13/cobra v0.0.2 h1:NfkwRbgViGoyjBKsLI0QMDcuMnhM+SBg3T0cGfpvKDE=
github.com/spf13/cobra v0.0.2/go.mod h1:1l0Ry5zgKvJasoi3XT1TypsSe7PqH0Sj9dhYf7v3XqQ=
github.com/spf13/pflag v1.0.1 h1:aCvUg6QPl3ibpQUxyLkrEkCHtPqYJL4x9AuhqVqFis4=
github.com/spf13/pflag v1.0.1/go.mod h1:DYY7MBk1bdzusC3SYhjObp+wFpr4gzcvqqNjLnInEg4=
go.pennock.tech/tabular v1.1.1 h1:4rOvuIknLxpugj1w7PfV67uzJ3Ive8vRA8d3a678tmQ=
go.pennock.tech/tabular v1.1.1/go.mod h1:5SJ7B5t5u6z2+mN9dIN3I4MoI2InSiRSOz0H8+cKmrI=
golang.org/x/net v0.0.0-20180502164142-640f4622ab69 h1:+Ybm3UzSfPpp+Hlr62ZTCtbC9DmCKX61f0r74+peGts=
golang.org/x/net v0.0.0-20180502164142-640f4622ab69/go.mod h1:mL1N/T3taQHkDXs73rZJwtUhF3w3ftmwwsq0BUmARs4=
golang.org/x/text v0.3.0 h1:g61tztE5qeGQ89tm6NTjjM9VPIm088od1l6aSorWRWg=
golang.org/x/text v0.3.0/go.mod h1:NqM8EUOU14njkJ3fqMW+pc6Ldnwhi/IjpwHt7yyuwOQ=
