# This file is autogenerated, do not edit; changes may be undone by the next 'dep ensure'.


[[projects]]
  branch = "master"
  digest = "0:"
  name = "github.com/argusdusty/Ferret"
  packages = ["."]
  pruneopts = "UT"
  revision = "14de0b6c044512adfb53edf8f2b1578a621280fa"

[[projects]]
  branch = "master"
  digest = "0:"
  name = "github.com/atotto/clipboard"
  packages = ["."]
  pruneopts = "UT"
  revision = "579379fa8ff8a6d3fa979cec107f8f6d7f8fde90"

[[projects]]
  digest = "1:870d441fe217b8e689d7949fef6e43efbc787e50f200cb1e70dbca9204a1d6be"
  name = "github.com/inconshreveable/mousetrap"
  packages = ["."]
  pruneopts = "UT"
  revision = "76626ae9c91c4f2a10f34cad8ce83ea42c93bb75"
  version = "v1.0"

[[projects]]
  branch = "master"
  digest = "0:"
  name = "github.com/kisielk/godepgraph"
  packages = ["."]
  pruneopts = "UT"
  revision = "57a7e4a651a9a9a586a847994e32dbcda4ce364d"

[[projects]]
  branch = "master"
  digest = "1:4334fcee980bd1faefc3775cde866c0e61fd24a98d3a4b3966b47344da51030a"
  name = "github.com/liquidgecka/testlib"
  packages = ["."]
  pruneopts = "UT"
  revision = "561e6b271c638ea95c75ab7be0f38d1f48d60910"

[[projects]]
  digest = "0:"
  name = "github.com/mattn/go-runewidth"
  packages = ["."]
  pruneopts = "UT"
  revision = "a4df4ddbff020e131056d91f580a1cdcd806e3ae"
  version = "v0.0.8"

[[projects]]
  branch = "master"
  digest = "0:"
  name = "github.com/olekukonko/tablewriter"
  packages = ["."]
  pruneopts = "UT"
  revision = "f8b8fe49672f7ca1a169825af9e45f1fd9e0d053"

[[projects]]
  digest = "0:"
  name = "github.com/spf13/cobra"
  packages = ["."]
  pruneopts = "UT"
  revision = "f2b07da1e2c38d5f12845a4f607e2e1018cbb1f5"
  version = "v0.0.5"

[[projects]]
  digest = "0:"
  name = "github.com/spf13/pflag"
  packages = ["."]
  pruneopts = "UT"
  revision = "2e9d26c8c37aae03e3f9d4e90b7116f5accb7cab"
  version = "v1.0.5"

[[projects]]
  branch = "master"
  digest = "0:"
  name = "github.com/xlab/tablewriter"
  packages = ["."]
  pruneopts = "UT"
  revision = "80b567a11ad5f14be3e044545e463d16f0a91d78"

[[projects]]
  digest = "1:6067ffc6779315a291541c752e6161b6ac59eccc9a71b6834f2c6fbe29c8a46f"
  name = "go.pennock.tech/tabular"
  packages = [
    ".",
    "auto",
    "csv",
    "html",
    "json",
    "length",
    "markdown",
    "properties",
    "properties/align",
    "texttable",
    "texttable/decoration",
  ]
  pruneopts = "UT"
  revision = "4c40eb23654b0d9d6d22d8c5c3eae8cc48dd35a7"
  version = "v1.1.1"

[[projects]]
  branch = "master"
  digest = "0:"
  name = "golang.org/x/net"
  packages = ["idna"]
  pruneopts = "UT"
  revision = "16171245cfb220d5317888b716d69c1fb4e7992b"

[[projects]]
  digest = "1:77c8372321f8096ce528f8f01cf56cdec9a173a33ae587517dd89914d3306f3c"
  name = "golang.org/x/text"
  packages = [
    "collate",
    "collate/build",
    "encoding",
    "encoding/internal",
    "encoding/internal/identifier",
    "encoding/japanese",
    "encoding/korean",
    "encoding/simplifiedchinese",
    "encoding/traditionalchinese",
    "internal/colltab",
    "internal/gen",
    "internal/language",
    "internal/language/compact",
    "internal/tag",
    "internal/triegen",
    "internal/ucd",
    "language",
    "secure/bidirule",
    "transform",
    "unicode/bidi",
    "unicode/cldr",
    "unicode/norm",
    "unicode/rangetable",
  ]
  pruneopts = "UT"
  revision = "342b2e1fbaa52c93f31447ad2c6abc048c63e475"
  version = "v0.3.2"

[solve-meta]
  analyzer-name = "dep"
  analyzer-version = 1
  input-imports = [
    "github.com/argusdusty/Ferret",
    "github.com/atotto/clipboard",
    "github.com/kisielk/godepgraph",
    "github.com/liquidgecka/testlib",
    "github.com/mattn/go-runewidth",
    "github.com/olekukonko/tablewriter",
    "github.com/spf13/cobra",
    "github.com/spf13/pflag",
    "github.com/xlab/tablewriter",
    "go.pennock.tech/tabular",
    "go.pennock.tech/tabular/auto",
    "go.pennock.tech/tabular/properties",
    "go.pennock.tech/tabular/properties/align",
    "golang.org/x/net/idna",
    "golang.org/x/text/encoding",
    "golang.org/x/text/encoding/japanese",
    "golang.org/x/text/encoding/korean",
    "golang.org/x/text/encoding/simplifiedchinese",
    "golang.org/x/text/encoding/traditionalchinese",
    "golang.org/x/text/unicode/norm",
  ]
  solver-name = "gps-cdcl"
  solver-version = 1
