# This file is autogenerated, do not edit; changes may be undone by the next 'dep ensure'.


[[projects]]
  branch = "master"
  digest = "1:f06367e46fad737b4eabdd21093ade373557a6ad34fbea3a845576c84712caa4"
  name = "github.com/apcera/termtables"
  packages = [
    ".",
    "term",
  ]
  pruneopts = "UT"
  revision = "bcbc5dc54055d14996b256d348fb75cc6debe282"

[[projects]]
  branch = "master"
  digest = "1:a011ba1af23f931b2935da0eef5566f8744fcc77e65f9479bff2a56e1a45a744"
  name = "github.com/argusdusty/Ferret"
  packages = ["."]
  pruneopts = "UT"
  revision = "02a5189c6f9eb01b7f0b278bd26a99f7c871cc80"

[[projects]]
  branch = "master"
  digest = "1:dd1417c60900a2be6d1653e90306614657761fc9c3066eccc558ae432b31aa60"
  name = "github.com/atotto/clipboard"
  packages = ["."]
  pruneopts = "UT"
  revision = "5e2c7bddca04488284428a201e4a15615f7a5074"

[[projects]]
  digest = "1:870d441fe217b8e689d7949fef6e43efbc787e50f200cb1e70dbca9204a1d6be"
  name = "github.com/inconshreveable/mousetrap"
  packages = ["."]
  pruneopts = "UT"
  revision = "76626ae9c91c4f2a10f34cad8ce83ea42c93bb75"
  version = "v1.0"

[[projects]]
  branch = "master"
  digest = "1:c2c0d13925bea841b72cc3ea6675b22fb469d0e67fba2f9e6282bf08761f6b2e"
  name = "github.com/kisielk/godepgraph"
  packages = ["."]
  pruneopts = "UT"
  revision = "d8ba729f24e071b660e74d8176a63f87224d6746"

[[projects]]
  branch = "master"
  digest = "1:4334fcee980bd1faefc3775cde866c0e61fd24a98d3a4b3966b47344da51030a"
  name = "github.com/liquidgecka/testlib"
  packages = ["."]
  pruneopts = "UT"
  revision = "561e6b271c638ea95c75ab7be0f38d1f48d60910"

[[projects]]
  digest = "1:0356f3312c9bd1cbeda81505b7fd437501d8e778ab66998ef69f00d7f9b3a0d7"
  name = "github.com/mattn/go-runewidth"
  packages = ["."]
  pruneopts = "UT"
  revision = "3ee7d812e62a0804a7d0a324e0249ca2db3476d3"
  version = "v0.0.4"

[[projects]]
  branch = "master"
  digest = "1:9bb0d1774266ec2e824a89b126fae80464dc58ac72929ac907185860a25f5eff"
  name = "github.com/olekukonko/tablewriter"
  packages = ["."]
  pruneopts = "UT"
  revision = "d5dd8a50526aadb3d5f2c9b5233277bc2db90e88"

[[projects]]
  digest = "1:22799aea8fe96dd5693abdd1eaa14b1b29e3eafbdc7733fa155b3cb556c8a7ae"
  name = "github.com/spf13/cobra"
  packages = ["."]
  pruneopts = "UT"
  revision = "67fc4837d267bc9bfd6e47f77783fcc3dffc68de"
  version = "v0.0.4"

[[projects]]
  digest = "1:c1b1102241e7f645bc8e0c22ae352e8f0dc6484b6cb4d132fa9f24174e0119e2"
  name = "github.com/spf13/pflag"
  packages = ["."]
  pruneopts = "UT"
  revision = "298182f68c66c05229eb03ac171abe6e309ee79a"
  version = "v1.0.3"

[[projects]]
  digest = "1:6067ffc6779315a291541c752e6161b6ac59eccc9a71b6834f2c6fbe29c8a46f"
  name = "go.pennock.tech/tabular"
  packages = [
    ".",
    "auto",
    "csv",
    "html",
    "json",
    "length",
    "markdown",
    "properties",
    "properties/align",
    "texttable",
    "texttable/decoration",
  ]
  pruneopts = "UT"
  revision = "4c40eb23654b0d9d6d22d8c5c3eae8cc48dd35a7"
  version = "v1.1.1"

[[projects]]
  branch = "master"
  digest = "1:82491a0790e0945762096c875e2e14932a5d7b37a7ce3e83ef3b50437a71e09a"
  name = "golang.org/x/net"
  packages = ["idna"]
  pruneopts = "UT"
  revision = "640f4622ab692b87c2f3a94265e6f579fe38263d"

[[projects]]
  digest = "1:77c8372321f8096ce528f8f01cf56cdec9a173a33ae587517dd89914d3306f3c"
  name = "golang.org/x/text"
  packages = [
    "collate",
    "collate/build",
    "encoding",
    "encoding/internal",
    "encoding/internal/identifier",
    "encoding/japanese",
    "encoding/korean",
    "encoding/simplifiedchinese",
    "encoding/traditionalchinese",
    "internal/colltab",
    "internal/gen",
    "internal/language",
    "internal/language/compact",
    "internal/tag",
    "internal/triegen",
    "internal/ucd",
    "language",
    "secure/bidirule",
    "transform",
    "unicode/bidi",
    "unicode/cldr",
    "unicode/norm",
    "unicode/rangetable",
  ]
  pruneopts = "UT"
  revision = "342b2e1fbaa52c93f31447ad2c6abc048c63e475"
  version = "v0.3.2"

[solve-meta]
  analyzer-name = "dep"
  analyzer-version = 1
  input-imports = [
    "github.com/apcera/termtables",
    "github.com/argusdusty/Ferret",
    "github.com/atotto/clipboard",
    "github.com/kisielk/godepgraph",
    "github.com/liquidgecka/testlib",
    "github.com/mattn/go-runewidth",
    "github.com/olekukonko/tablewriter",
    "github.com/spf13/cobra",
    "github.com/spf13/pflag",
    "go.pennock.tech/tabular",
    "go.pennock.tech/tabular/auto",
    "go.pennock.tech/tabular/properties",
    "go.pennock.tech/tabular/properties/align",
    "golang.org/x/net/idna",
    "golang.org/x/text/encoding",
    "golang.org/x/text/encoding/japanese",
    "golang.org/x/text/encoding/korean",
    "golang.org/x/text/encoding/simplifiedchinese",
    "golang.org/x/text/encoding/traditionalchinese",
    "golang.org/x/text/unicode/norm",
  ]
  solver-name = "gps-cdcl"
  solver-version = 1
